
Microsoft Visual Studio Solution File, Format Version 12.00
# Visual Studio Version 17
VisualStudioVersion = 17.9.34701.34
MinimumVisualStudioVersion = 10.0.40219.1
Project("{FAE04EC0-301F-11D3-BF4B-00C04F79EFBC}") = "DSCC.MVC", "DSCC.MVC\DSCC.MVC.csproj", "{202783E6-DBD6-45BB-8DF9-9AE1DC9FA68F}"
EndProject
Global
	GlobalSection(SolutionConfigurationPlatforms) = preSolution
		Debug|Any CPU = Debug|Any CPU
		Release|Any CPU = Release|Any CPU
	EndGlobalSection
	GlobalSection(ProjectConfigurationPlatforms) = postSolution
		{202783E6-DBD6-45BB-8DF9-9AE1DC9FA68F}.Debug|Any CPU.ActiveCfg = Debug|Any CPU
		{202783E6-DBD6-45BB-8DF9-9AE1DC9FA68F}.Debug|Any CPU.Build.0 = Debug|Any CPU
		{202783E6-DBD6-45BB-8DF9-9AE1DC9FA68F}.Release|Any CPU.ActiveCfg = Release|Any CPU
		{202783E6-DBD6-45BB-8DF9-9AE1DC9FA68F}.Release|Any CPU.Build.0 = Release|Any CPU
	EndGlobalSection
	GlobalSection(SolutionProperties) = preSolution
		HideSolutionNode = FALSE
	EndGlobalSection
	GlobalSection(ExtensibilityGlobals) = postSolution
		SolutionGuid = {025EAF21-9D73-47AF-8694-8131A3225738}
	EndGlobalSection
EndGlobal
